
Microsoft Visual Studio Solution File, Format Version 12.00
# Visual Studio Version 17
VisualStudioVersion = 17.0.31903.59
MinimumVisualStudioVersion = 10.0.40219.1
Project("{2150E333-8FDC-42A3-9474-1A3956D46DE8}") = "2023", "2023", "{AD22809B-AB76-4D03-AE1B-79F10752467E}"
EndProject
Project("{2150E333-8FDC-42A3-9474-1A3956D46DE8}") = "02", "02", "{ACF99C1E-480A-4D72-A2B1-53A0CF309311}"
EndProject
Project("{9A19103F-16F7-4668-BE54-9A1E7A4F7556}") = "CubeGame", "2023\02\CubeGame\CubeGame.csproj", "{9438B58C-AC2B-46AC-8C97-53B5E0B97914}"
EndProject
Project("{2150E333-8FDC-42A3-9474-1A3956D46DE8}") = "05", "05", "{ADA433BF-A593-4096-9EF2-19BCA1F326FD}"
EndProject
Project("{9A19103F-16F7-4668-BE54-9A1E7A4F7556}") = "Seeds", "2023\05\Seeds\Seeds.csproj", "{D2C2F72C-CA01-4A21-82EC-095C6B2C504E}"
EndProject
Project("{2150E333-8FDC-42A3-9474-1A3956D46DE8}") = "06", "06", "{4313B3B1-E0E0-4384-97A1-DDAB1EE2098A}"
EndProject
Project("{9A19103F-16F7-4668-BE54-9A1E7A4F7556}") = "Boats", "2023\06\Boats\Boats.csproj", "{8B3E3394-FE9B-410D-BDEA-59FB845AD8BC}"
EndProject
Project("{2150E333-8FDC-42A3-9474-1A3956D46DE8}") = "07", "07", "{802D73F7-CD01-40C2-A1C9-EC3BE0279C27}"
EndProject
Project("{9A19103F-16F7-4668-BE54-9A1E7A4F7556}") = "Cards", "2023\07\Cards\Cards.csproj", "{FFD44AEF-8397-4BA7-B881-6DC54F68AEF4}"
EndProject
Project("{2150E333-8FDC-42A3-9474-1A3956D46DE8}") = "08", "08", "{7D7F1F0B-891C-4E06-BB69-FCDA5BEBEF2A}"
EndProject
Project("{9A19103F-16F7-4668-BE54-9A1E7A4F7556}") = "Wasteland", "2023\08\Wasteland\Wasteland.csproj", "{9280B1F5-E5FA-4336-B891-3DA56F8DD475}"
EndProject
Project("{2150E333-8FDC-42A3-9474-1A3956D46DE8}") = "2024", "2024", "{7E3A1DDB-67CB-4C7E-88C8-233F27AB401A}"
EndProject
Project("{2150E333-8FDC-42A3-9474-1A3956D46DE8}") = "04", "04", "{184228DA-DD8C-4A42-982F-5088F17E252F}"
EndProject
Project("{9A19103F-16F7-4668-BE54-9A1E7A4F7556}") = "WordSearch", "2024\04\WordSearch.csproj", "{71D420DD-143B-4B64-A241-335DBE517B0D}"
EndProject
Project("{2150E333-8FDC-42A3-9474-1A3956D46DE8}") = "05", "05", "{C2D0643A-E307-4811-8F65-AAEB156B9BD3}"
EndProject
Project("{9A19103F-16F7-4668-BE54-9A1E7A4F7556}") = "PrintQueue", "2024\05\PrintQueue.csproj", "{720FCEFF-72FC-4125-A024-F3763A61D68A}"
EndProject
Project("{9A19103F-16F7-4668-BE54-9A1E7A4F7556}") = "Antennae", "2024\08\Antennae.csproj", "{6F0A66EF-4FC6-4FA8-B212-82BB0BD89D9B}"
EndProject
Project("{2150E333-8FDC-42A3-9474-1A3956D46DE8}") = "08", "08", "{95084FD5-DC22-42A6-A0C6-E7C3C8B7FEA7}"
EndProject
Project("{9A19103F-16F7-4668-BE54-9A1E7A4F7556}") = "DiskFragmenter", "2024\09\DiskFragmenter.csproj", "{A3A2CACA-EC7F-42C9-99B9-475491C713FF}"
EndProject
Project("{2150E333-8FDC-42A3-9474-1A3956D46DE8}") = "09", "09", "{420C8DAA-846C-49BF-BD67-E51A4DD3C42E}"
EndProject
Project("{2150E333-8FDC-42A3-9474-1A3956D46DE8}") = "10", "10", "{BE4CCBB7-A40F-4849-858B-513CB9C44597}"
EndProject
Project("{FAE04EC0-301F-11D3-BF4B-00C04F79EFBC}") = "HoofIt", "2024\10\HoofIt.csproj", "{71D0075B-6671-4996-B8A4-479B4FD19651}"
EndProject
Global
	GlobalSection(SolutionConfigurationPlatforms) = preSolution
		Debug|Any CPU = Debug|Any CPU
		Release|Any CPU = Release|Any CPU
	EndGlobalSection
	GlobalSection(ProjectConfigurationPlatforms) = postSolution
		{9438B58C-AC2B-46AC-8C97-53B5E0B97914}.Debug|Any CPU.ActiveCfg = Debug|Any CPU
		{9438B58C-AC2B-46AC-8C97-53B5E0B97914}.Debug|Any CPU.Build.0 = Debug|Any CPU
		{9438B58C-AC2B-46AC-8C97-53B5E0B97914}.Release|Any CPU.ActiveCfg = Release|Any CPU
		{9438B58C-AC2B-46AC-8C97-53B5E0B97914}.Release|Any CPU.Build.0 = Release|Any CPU
		{D2C2F72C-CA01-4A21-82EC-095C6B2C504E}.Debug|Any CPU.ActiveCfg = Debug|Any CPU
		{D2C2F72C-CA01-4A21-82EC-095C6B2C504E}.Debug|Any CPU.Build.0 = Debug|Any CPU
		{D2C2F72C-CA01-4A21-82EC-095C6B2C504E}.Release|Any CPU.ActiveCfg = Release|Any CPU
		{D2C2F72C-CA01-4A21-82EC-095C6B2C504E}.Release|Any CPU.Build.0 = Release|Any CPU
		{8B3E3394-FE9B-410D-BDEA-59FB845AD8BC}.Debug|Any CPU.ActiveCfg = Debug|Any CPU
		{8B3E3394-FE9B-410D-BDEA-59FB845AD8BC}.Debug|Any CPU.Build.0 = Debug|Any CPU
		{8B3E3394-FE9B-410D-BDEA-59FB845AD8BC}.Release|Any CPU.ActiveCfg = Release|Any CPU
		{8B3E3394-FE9B-410D-BDEA-59FB845AD8BC}.Release|Any CPU.Build.0 = Release|Any CPU
		{FFD44AEF-8397-4BA7-B881-6DC54F68AEF4}.Debug|Any CPU.ActiveCfg = Debug|Any CPU
		{FFD44AEF-8397-4BA7-B881-6DC54F68AEF4}.Debug|Any CPU.Build.0 = Debug|Any CPU
		{FFD44AEF-8397-4BA7-B881-6DC54F68AEF4}.Release|Any CPU.ActiveCfg = Release|Any CPU
		{FFD44AEF-8397-4BA7-B881-6DC54F68AEF4}.Release|Any CPU.Build.0 = Release|Any CPU
		{9280B1F5-E5FA-4336-B891-3DA56F8DD475}.Debug|Any CPU.ActiveCfg = Debug|Any CPU
		{9280B1F5-E5FA-4336-B891-3DA56F8DD475}.Debug|Any CPU.Build.0 = Debug|Any CPU
		{9280B1F5-E5FA-4336-B891-3DA56F8DD475}.Release|Any CPU.ActiveCfg = Release|Any CPU
		{9280B1F5-E5FA-4336-B891-3DA56F8DD475}.Release|Any CPU.Build.0 = Release|Any CPU
		{71D420DD-143B-4B64-A241-335DBE517B0D}.Debug|Any CPU.ActiveCfg = Debug|Any CPU
		{71D420DD-143B-4B64-A241-335DBE517B0D}.Debug|Any CPU.Build.0 = Debug|Any CPU
		{71D420DD-143B-4B64-A241-335DBE517B0D}.Release|Any CPU.ActiveCfg = Release|Any CPU
		{71D420DD-143B-4B64-A241-335DBE517B0D}.Release|Any CPU.Build.0 = Release|Any CPU
		{720FCEFF-72FC-4125-A024-F3763A61D68A}.Debug|Any CPU.ActiveCfg = Debug|Any CPU
		{720FCEFF-72FC-4125-A024-F3763A61D68A}.Debug|Any CPU.Build.0 = Debug|Any CPU
		{720FCEFF-72FC-4125-A024-F3763A61D68A}.Release|Any CPU.ActiveCfg = Release|Any CPU
		{720FCEFF-72FC-4125-A024-F3763A61D68A}.Release|Any CPU.Build.0 = Release|Any CPU
		{6F0A66EF-4FC6-4FA8-B212-82BB0BD89D9B}.Debug|Any CPU.ActiveCfg = Debug|Any CPU
		{6F0A66EF-4FC6-4FA8-B212-82BB0BD89D9B}.Debug|Any CPU.Build.0 = Debug|Any CPU
		{6F0A66EF-4FC6-4FA8-B212-82BB0BD89D9B}.Release|Any CPU.ActiveCfg = Release|Any CPU
		{6F0A66EF-4FC6-4FA8-B212-82BB0BD89D9B}.Release|Any CPU.Build.0 = Release|Any CPU
		{A3A2CACA-EC7F-42C9-99B9-475491C713FF}.Debug|Any CPU.ActiveCfg = Debug|Any CPU
		{A3A2CACA-EC7F-42C9-99B9-475491C713FF}.Debug|Any CPU.Build.0 = Debug|Any CPU
		{A3A2CACA-EC7F-42C9-99B9-475491C713FF}.Release|Any CPU.ActiveCfg = Release|Any CPU
		{A3A2CACA-EC7F-42C9-99B9-475491C713FF}.Release|Any CPU.Build.0 = Release|Any CPU
		{71D0075B-6671-4996-B8A4-479B4FD19651}.Debug|Any CPU.ActiveCfg = Debug|Any CPU
		{71D0075B-6671-4996-B8A4-479B4FD19651}.Debug|Any CPU.Build.0 = Debug|Any CPU
		{71D0075B-6671-4996-B8A4-479B4FD19651}.Release|Any CPU.ActiveCfg = Release|Any CPU
		{71D0075B-6671-4996-B8A4-479B4FD19651}.Release|Any CPU.Build.0 = Release|Any CPU
	EndGlobalSection
	GlobalSection(SolutionProperties) = preSolution
		HideSolutionNode = FALSE
	EndGlobalSection
	GlobalSection(NestedProjects) = preSolution
		{ACF99C1E-480A-4D72-A2B1-53A0CF309311} = {AD22809B-AB76-4D03-AE1B-79F10752467E}
		{9438B58C-AC2B-46AC-8C97-53B5E0B97914} = {ACF99C1E-480A-4D72-A2B1-53A0CF309311}
		{ADA433BF-A593-4096-9EF2-19BCA1F326FD} = {AD22809B-AB76-4D03-AE1B-79F10752467E}
		{D2C2F72C-CA01-4A21-82EC-095C6B2C504E} = {ADA433BF-A593-4096-9EF2-19BCA1F326FD}
		{4313B3B1-E0E0-4384-97A1-DDAB1EE2098A} = {AD22809B-AB76-4D03-AE1B-79F10752467E}
		{8B3E3394-FE9B-410D-BDEA-59FB845AD8BC} = {4313B3B1-E0E0-4384-97A1-DDAB1EE2098A}
		{802D73F7-CD01-40C2-A1C9-EC3BE0279C27} = {AD22809B-AB76-4D03-AE1B-79F10752467E}
		{FFD44AEF-8397-4BA7-B881-6DC54F68AEF4} = {802D73F7-CD01-40C2-A1C9-EC3BE0279C27}
		{7D7F1F0B-891C-4E06-BB69-FCDA5BEBEF2A} = {AD22809B-AB76-4D03-AE1B-79F10752467E}
		{9280B1F5-E5FA-4336-B891-3DA56F8DD475} = {7D7F1F0B-891C-4E06-BB69-FCDA5BEBEF2A}
		{184228DA-DD8C-4A42-982F-5088F17E252F} = {7E3A1DDB-67CB-4C7E-88C8-233F27AB401A}
		{71D420DD-143B-4B64-A241-335DBE517B0D} = {184228DA-DD8C-4A42-982F-5088F17E252F}
		{C2D0643A-E307-4811-8F65-AAEB156B9BD3} = {7E3A1DDB-67CB-4C7E-88C8-233F27AB401A}
		{720FCEFF-72FC-4125-A024-F3763A61D68A} = {C2D0643A-E307-4811-8F65-AAEB156B9BD3}
		{6F0A66EF-4FC6-4FA8-B212-82BB0BD89D9B} = {95084FD5-DC22-42A6-A0C6-E7C3C8B7FEA7}
		{95084FD5-DC22-42A6-A0C6-E7C3C8B7FEA7} = {7E3A1DDB-67CB-4C7E-88C8-233F27AB401A}
		{A3A2CACA-EC7F-42C9-99B9-475491C713FF} = {420C8DAA-846C-49BF-BD67-E51A4DD3C42E}
		{420C8DAA-846C-49BF-BD67-E51A4DD3C42E} = {7E3A1DDB-67CB-4C7E-88C8-233F27AB401A}
		{BE4CCBB7-A40F-4849-858B-513CB9C44597} = {7E3A1DDB-67CB-4C7E-88C8-233F27AB401A}
		{71D0075B-6671-4996-B8A4-479B4FD19651} = {BE4CCBB7-A40F-4849-858B-513CB9C44597}
	EndGlobalSection
	GlobalSection(ExtensibilityGlobals) = postSolution
		SolutionGuid = {217E1C9E-863A-4F13-A417-8BAFF47422C7}
	EndGlobalSection
EndGlobal
