
Microsoft Visual Studio Solution File, Format Version 12.00
# Visual Studio Version 17
VisualStudioVersion = 17.0.31903.59
MinimumVisualStudioVersion = 10.0.40219.1
Project("{2150E333-8FDC-42A3-9474-1A3956D46DE8}") = "2023", "2023", "{AD22809B-AB76-4D03-AE1B-79F10752467E}"
EndProject
Project("{2150E333-8FDC-42A3-9474-1A3956D46DE8}") = "02", "02", "{ACF99C1E-480A-4D72-A2B1-53A0CF309311}"
EndProject
Project("{FAE04EC0-301F-11D3-BF4B-00C04F79EFBC}") = "CubeGame", "2023\02\CubeGame\CubeGame.csproj", "{9438B58C-AC2B-46AC-8C97-53B5E0B97914}"
EndProject
Project("{2150E333-8FDC-42A3-9474-1A3956D46DE8}") = "05", "05", "{ADA433BF-A593-4096-9EF2-19BCA1F326FD}"
EndProject
Project("{FAE04EC0-301F-11D3-BF4B-00C04F79EFBC}") = "Seeds", "2023\05\Seeds\Seeds.csproj", "{D2C2F72C-CA01-4A21-82EC-095C6B2C504E}"
EndProject
Project("{2150E333-8FDC-42A3-9474-1A3956D46DE8}") = "06", "06", "{4313B3B1-E0E0-4384-97A1-DDAB1EE2098A}"
EndProject
Project("{FAE04EC0-301F-11D3-BF4B-00C04F79EFBC}") = "Boats", "2023\06\Boats\Boats.csproj", "{8B3E3394-FE9B-410D-BDEA-59FB845AD8BC}"
EndProject
Project("{2150E333-8FDC-42A3-9474-1A3956D46DE8}") = "07", "07", "{802D73F7-CD01-40C2-A1C9-EC3BE0279C27}"
EndProject
Project("{FAE04EC0-301F-11D3-BF4B-00C04F79EFBC}") = "Cards", "2023\07\Cards\Cards.csproj", "{FFD44AEF-8397-4BA7-B881-6DC54F68AEF4}"
EndProject
Project("{2150E333-8FDC-42A3-9474-1A3956D46DE8}") = "08", "08", "{7D7F1F0B-891C-4E06-BB69-FCDA5BEBEF2A}"
EndProject
Project("{FAE04EC0-301F-11D3-BF4B-00C04F79EFBC}") = "Wasteland", "2023\08\Wasteland\Wasteland.csproj", "{9280B1F5-E5FA-4336-B891-3DA56F8DD475}"
EndProject
Global
	GlobalSection(SolutionConfigurationPlatforms) = preSolution
		Debug|Any CPU = Debug|Any CPU
		Release|Any CPU = Release|Any CPU
	EndGlobalSection
	GlobalSection(SolutionProperties) = preSolution
		HideSolutionNode = FALSE
	EndGlobalSection
	GlobalSection(ProjectConfigurationPlatforms) = postSolution
		{9438B58C-AC2B-46AC-8C97-53B5E0B97914}.Debug|Any CPU.ActiveCfg = Debug|Any CPU
		{9438B58C-AC2B-46AC-8C97-53B5E0B97914}.Debug|Any CPU.Build.0 = Debug|Any CPU
		{9438B58C-AC2B-46AC-8C97-53B5E0B97914}.Release|Any CPU.ActiveCfg = Release|Any CPU
		{9438B58C-AC2B-46AC-8C97-53B5E0B97914}.Release|Any CPU.Build.0 = Release|Any CPU
		{D2C2F72C-CA01-4A21-82EC-095C6B2C504E}.Debug|Any CPU.ActiveCfg = Debug|Any CPU
		{D2C2F72C-CA01-4A21-82EC-095C6B2C504E}.Debug|Any CPU.Build.0 = Debug|Any CPU
		{D2C2F72C-CA01-4A21-82EC-095C6B2C504E}.Release|Any CPU.ActiveCfg = Release|Any CPU
		{D2C2F72C-CA01-4A21-82EC-095C6B2C504E}.Release|Any CPU.Build.0 = Release|Any CPU
		{8B3E3394-FE9B-410D-BDEA-59FB845AD8BC}.Debug|Any CPU.ActiveCfg = Debug|Any CPU
		{8B3E3394-FE9B-410D-BDEA-59FB845AD8BC}.Debug|Any CPU.Build.0 = Debug|Any CPU
		{8B3E3394-FE9B-410D-BDEA-59FB845AD8BC}.Release|Any CPU.ActiveCfg = Release|Any CPU
		{8B3E3394-FE9B-410D-BDEA-59FB845AD8BC}.Release|Any CPU.Build.0 = Release|Any CPU
		{FFD44AEF-8397-4BA7-B881-6DC54F68AEF4}.Debug|Any CPU.ActiveCfg = Debug|Any CPU
		{FFD44AEF-8397-4BA7-B881-6DC54F68AEF4}.Debug|Any CPU.Build.0 = Debug|Any CPU
		{FFD44AEF-8397-4BA7-B881-6DC54F68AEF4}.Release|Any CPU.ActiveCfg = Release|Any CPU
		{FFD44AEF-8397-4BA7-B881-6DC54F68AEF4}.Release|Any CPU.Build.0 = Release|Any CPU
		{9280B1F5-E5FA-4336-B891-3DA56F8DD475}.Debug|Any CPU.ActiveCfg = Debug|Any CPU
		{9280B1F5-E5FA-4336-B891-3DA56F8DD475}.Debug|Any CPU.Build.0 = Debug|Any CPU
		{9280B1F5-E5FA-4336-B891-3DA56F8DD475}.Release|Any CPU.ActiveCfg = Release|Any CPU
		{9280B1F5-E5FA-4336-B891-3DA56F8DD475}.Release|Any CPU.Build.0 = Release|Any CPU
	EndGlobalSection
	GlobalSection(NestedProjects) = preSolution
		{ACF99C1E-480A-4D72-A2B1-53A0CF309311} = {AD22809B-AB76-4D03-AE1B-79F10752467E}
		{9438B58C-AC2B-46AC-8C97-53B5E0B97914} = {ACF99C1E-480A-4D72-A2B1-53A0CF309311}
		{ADA433BF-A593-4096-9EF2-19BCA1F326FD} = {AD22809B-AB76-4D03-AE1B-79F10752467E}
		{D2C2F72C-CA01-4A21-82EC-095C6B2C504E} = {ADA433BF-A593-4096-9EF2-19BCA1F326FD}
		{4313B3B1-E0E0-4384-97A1-DDAB1EE2098A} = {AD22809B-AB76-4D03-AE1B-79F10752467E}
		{8B3E3394-FE9B-410D-BDEA-59FB845AD8BC} = {4313B3B1-E0E0-4384-97A1-DDAB1EE2098A}
		{802D73F7-CD01-40C2-A1C9-EC3BE0279C27} = {AD22809B-AB76-4D03-AE1B-79F10752467E}
		{FFD44AEF-8397-4BA7-B881-6DC54F68AEF4} = {802D73F7-CD01-40C2-A1C9-EC3BE0279C27}
		{7D7F1F0B-891C-4E06-BB69-FCDA5BEBEF2A} = {AD22809B-AB76-4D03-AE1B-79F10752467E}
		{9280B1F5-E5FA-4336-B891-3DA56F8DD475} = {7D7F1F0B-891C-4E06-BB69-FCDA5BEBEF2A}
	EndGlobalSection
EndGlobal
